
Microsoft Visual Studio Solution File, Format Version 12.00
# Visual Studio Version 17
VisualStudioVersion = 17.4.33205.214
MinimumVisualStudioVersion = 10.0.40219.1
Project("{9A19103F-16F7-4668-BE54-9A1E7A4F7556}") = "ProgramacaoOrientadaAFuncaoCSharp", "ProgramacaoOrientadaAFuncaoCSharp\ProgramacaoOrientadaAFuncaoCSharp.csproj", "{E8D7FBFF-941C-4B17-B8B2-85CB0B2B67E1}"
EndProject
Project("{2150E333-8FDC-42A3-9474-1A3956D46DE8}") = "Solution Items", "Solution Items", "{C77ACCE0-B1F9-482B-A55F-6E6C58E42583}"
	ProjectSection(SolutionItems) = preProject
		.editorconfig = .editorconfig
	EndProjectSection
EndProject
Global
	GlobalSection(SolutionConfigurationPlatforms) = preSolution
		Debug|Any CPU = Debug|Any CPU
		Release|Any CPU = Release|Any CPU
	EndGlobalSection
	GlobalSection(ProjectConfigurationPlatforms) = postSolution
		{E8D7FBFF-941C-4B17-B8B2-85CB0B2B67E1}.Debug|Any CPU.ActiveCfg = Debug|Any CPU
		{E8D7FBFF-941C-4B17-B8B2-85CB0B2B67E1}.Debug|Any CPU.Build.0 = Debug|Any CPU
		{E8D7FBFF-941C-4B17-B8B2-85CB0B2B67E1}.Release|Any CPU.ActiveCfg = Release|Any CPU
		{E8D7FBFF-941C-4B17-B8B2-85CB0B2B67E1}.Release|Any CPU.Build.0 = Release|Any CPU
	EndGlobalSection
	GlobalSection(SolutionProperties) = preSolution
		HideSolutionNode = FALSE
	EndGlobalSection
	GlobalSection(ExtensibilityGlobals) = postSolution
		SolutionGuid = {144E61B3-B8D5-40FA-830B-89A579CA3AE1}
	EndGlobalSection
EndGlobal
